
Microsoft Visual Studio Solution File, Format Version 12.00
# Visual Studio Version 17
VisualStudioVersion = 17.6.33815.320
MinimumVisualStudioVersion = 10.0.40219.1
Project("{9A19103F-16F7-4668-BE54-9A1E7A4F7556}") = "szoft_e43ig0", "szoft_e43ig0\szoft_e43ig0.csproj", "{EBD92040-4DBB-4525-A405-781839F9C272}"
EndProject
Project("{9A19103F-16F7-4668-BE54-9A1E7A4F7556}") = "Szorzotabla", "Szorzotabla\Szorzotabla.csproj", "{C976E3A4-9971-4DCA-9121-A519DD862180}"
EndProject
Project("{9A19103F-16F7-4668-BE54-9A1E7A4F7556}") = "Fibonacci", "Fibonacci\Fibonacci.csproj", "{BEC8CD48-2D10-4A61-98ED-A88D1C22C4D3}"
EndProject
Project("{9A19103F-16F7-4668-BE54-9A1E7A4F7556}") = "Pascal", "Pascal\Pascal.csproj", "{607ED961-BA82-4125-819B-FEC8DC029EC0}"
EndProject
Project("{9A19103F-16F7-4668-BE54-9A1E7A4F7556}") = "3ora1feladat", "3ora1feladat\3ora1feladat.csproj", "{9AF34A2E-4446-452D-B6D5-5AA4344ED19D}"
EndProject
Project("{9A19103F-16F7-4668-BE54-9A1E7A4F7556}") = "Kigyos_jatek", "Kigyos_jatek\Kigyos_jatek.csproj", "{5E259592-D3A7-459A-BD29-07AEF836CD38}"
EndProject
Project("{9A19103F-16F7-4668-BE54-9A1E7A4F7556}") = "Adatkotes", "Adatkotes\Adatkotes.csproj", "{7553F886-48D6-4F22-BD5C-AF75483E9121}"
EndProject
Project("{FAE04EC0-301F-11D3-BF4B-00C04F79EFBC}") = "Adatbazis", "Adatbazis\Adatbazis.csproj", "{3ADC0652-14C7-4A68-964E-93B75F6697F4}"
EndProject
Global
	GlobalSection(SolutionConfigurationPlatforms) = preSolution
		Debug|Any CPU = Debug|Any CPU
		Release|Any CPU = Release|Any CPU
	EndGlobalSection
	GlobalSection(ProjectConfigurationPlatforms) = postSolution
		{EBD92040-4DBB-4525-A405-781839F9C272}.Debug|Any CPU.ActiveCfg = Debug|Any CPU
		{EBD92040-4DBB-4525-A405-781839F9C272}.Debug|Any CPU.Build.0 = Debug|Any CPU
		{EBD92040-4DBB-4525-A405-781839F9C272}.Release|Any CPU.ActiveCfg = Release|Any CPU
		{EBD92040-4DBB-4525-A405-781839F9C272}.Release|Any CPU.Build.0 = Release|Any CPU
		{C976E3A4-9971-4DCA-9121-A519DD862180}.Debug|Any CPU.ActiveCfg = Debug|Any CPU
		{C976E3A4-9971-4DCA-9121-A519DD862180}.Debug|Any CPU.Build.0 = Debug|Any CPU
		{C976E3A4-9971-4DCA-9121-A519DD862180}.Release|Any CPU.ActiveCfg = Release|Any CPU
		{C976E3A4-9971-4DCA-9121-A519DD862180}.Release|Any CPU.Build.0 = Release|Any CPU
		{BEC8CD48-2D10-4A61-98ED-A88D1C22C4D3}.Debug|Any CPU.ActiveCfg = Debug|Any CPU
		{BEC8CD48-2D10-4A61-98ED-A88D1C22C4D3}.Debug|Any CPU.Build.0 = Debug|Any CPU
		{BEC8CD48-2D10-4A61-98ED-A88D1C22C4D3}.Release|Any CPU.ActiveCfg = Release|Any CPU
		{BEC8CD48-2D10-4A61-98ED-A88D1C22C4D3}.Release|Any CPU.Build.0 = Release|Any CPU
		{607ED961-BA82-4125-819B-FEC8DC029EC0}.Debug|Any CPU.ActiveCfg = Debug|Any CPU
		{607ED961-BA82-4125-819B-FEC8DC029EC0}.Debug|Any CPU.Build.0 = Debug|Any CPU
		{607ED961-BA82-4125-819B-FEC8DC029EC0}.Release|Any CPU.ActiveCfg = Release|Any CPU
		{607ED961-BA82-4125-819B-FEC8DC029EC0}.Release|Any CPU.Build.0 = Release|Any CPU
		{9AF34A2E-4446-452D-B6D5-5AA4344ED19D}.Debug|Any CPU.ActiveCfg = Debug|Any CPU
		{9AF34A2E-4446-452D-B6D5-5AA4344ED19D}.Debug|Any CPU.Build.0 = Debug|Any CPU
		{9AF34A2E-4446-452D-B6D5-5AA4344ED19D}.Release|Any CPU.ActiveCfg = Release|Any CPU
		{9AF34A2E-4446-452D-B6D5-5AA4344ED19D}.Release|Any CPU.Build.0 = Release|Any CPU
		{5E259592-D3A7-459A-BD29-07AEF836CD38}.Debug|Any CPU.ActiveCfg = Debug|Any CPU
		{5E259592-D3A7-459A-BD29-07AEF836CD38}.Debug|Any CPU.Build.0 = Debug|Any CPU
		{5E259592-D3A7-459A-BD29-07AEF836CD38}.Release|Any CPU.ActiveCfg = Release|Any CPU
		{5E259592-D3A7-459A-BD29-07AEF836CD38}.Release|Any CPU.Build.0 = Release|Any CPU
		{7553F886-48D6-4F22-BD5C-AF75483E9121}.Debug|Any CPU.ActiveCfg = Debug|Any CPU
		{7553F886-48D6-4F22-BD5C-AF75483E9121}.Debug|Any CPU.Build.0 = Debug|Any CPU
		{7553F886-48D6-4F22-BD5C-AF75483E9121}.Release|Any CPU.ActiveCfg = Release|Any CPU
		{7553F886-48D6-4F22-BD5C-AF75483E9121}.Release|Any CPU.Build.0 = Release|Any CPU
		{3ADC0652-14C7-4A68-964E-93B75F6697F4}.Debug|Any CPU.ActiveCfg = Debug|Any CPU
		{3ADC0652-14C7-4A68-964E-93B75F6697F4}.Debug|Any CPU.Build.0 = Debug|Any CPU
		{3ADC0652-14C7-4A68-964E-93B75F6697F4}.Release|Any CPU.ActiveCfg = Release|Any CPU
		{3ADC0652-14C7-4A68-964E-93B75F6697F4}.Release|Any CPU.Build.0 = Release|Any CPU
	EndGlobalSection
	GlobalSection(SolutionProperties) = preSolution
		HideSolutionNode = FALSE
	EndGlobalSection
	GlobalSection(ExtensibilityGlobals) = postSolution
		SolutionGuid = {108769AD-D536-4D65-B1C3-9A8366952168}
	EndGlobalSection
EndGlobal
